
Microsoft Visual Studio Solution File, Format Version 12.00
# Visual Studio Version 17
VisualStudioVersion = 17.12.35707.178 d17.12
MinimumVisualStudioVersion = 10.0.40219.1
Project("{FAE04EC0-301F-11D3-BF4B-00C04F79EFBC}") = "MVC_homework1", "MVC_homework1\MVC_homework1.csproj", "{06411287-111E-4F1B-949C-41B1A55CB79E}"
EndProject
Global
	GlobalSection(SolutionConfigurationPlatforms) = preSolution
		Debug|Any CPU = Debug|Any CPU
		Release|Any CPU = Release|Any CPU
	EndGlobalSection
	GlobalSection(ProjectConfigurationPlatforms) = postSolution
		{06411287-111E-4F1B-949C-41B1A55CB79E}.Debug|Any CPU.ActiveCfg = Debug|Any CPU
		{06411287-111E-4F1B-949C-41B1A55CB79E}.Debug|Any CPU.Build.0 = Debug|Any CPU
		{06411287-111E-4F1B-949C-41B1A55CB79E}.Release|Any CPU.ActiveCfg = Release|Any CPU
		{06411287-111E-4F1B-949C-41B1A55CB79E}.Release|Any CPU.Build.0 = Release|Any CPU
	EndGlobalSection
	GlobalSection(SolutionProperties) = preSolution
		HideSolutionNode = FALSE
	EndGlobalSection
EndGlobal
